
Microsoft Visual Studio Solution File, Format Version 12.00
# Visual Studio Version 17
VisualStudioVersion = 17.8.34330.188
MinimumVisualStudioVersion = 10.0.40219.1
Project("{FAE04EC0-301F-11D3-BF4B-00C04F79EFBC}") = "MobileClinicAPI", "MobileClinicAPI.csproj", "{71F7F4CB-DD2C-4DEA-88ED-4BC90AB7D15B}"
EndProject
Global
	GlobalSection(SolutionConfigurationPlatforms) = preSolution
		Debug|Any CPU = Debug|Any CPU
		Release|Any CPU = Release|Any CPU
	EndGlobalSection
	GlobalSection(ProjectConfigurationPlatforms) = postSolution
		{71F7F4CB-DD2C-4DEA-88ED-4BC90AB7D15B}.Debug|Any CPU.ActiveCfg = Debug|Any CPU
		{71F7F4CB-DD2C-4DEA-88ED-4BC90AB7D15B}.Debug|Any CPU.Build.0 = Debug|Any CPU
		{71F7F4CB-DD2C-4DEA-88ED-4BC90AB7D15B}.Release|Any CPU.ActiveCfg = Release|Any CPU
		{71F7F4CB-DD2C-4DEA-88ED-4BC90AB7D15B}.Release|Any CPU.Build.0 = Release|Any CPU
	EndGlobalSection
	GlobalSection(SolutionProperties) = preSolution
		HideSolutionNode = FALSE
	EndGlobalSection
	GlobalSection(ExtensibilityGlobals) = postSolution
		SolutionGuid = {7E7D7CED-46C4-4F3F-B50A-0CFEF3905705}
	EndGlobalSection
EndGlobal
